Microsoft Visual Studio Solution File, Format Version 12.00
# Visual Studio 2012
Project("{FAE04EC0-301F-11D3-BF4B-00C04F79EFBC}") = "Brackeys- 2020 . 2- Game- Jam", "Brackeys- 2020 . 2- Game- Jam.csproj", "{FD182B38-01A9-461F-AD50-662AF8C45CD1}"
EndProject
Global
	GlobalSection(SolutionConfigurationPlatforms) = preSolution
	Debug|Any CPU = Debug|Any CPU
	ExportDebug|Any CPU = ExportDebug|Any CPU
	ExportRelease|Any CPU = ExportRelease|Any CPU
	EndGlobalSection
	GlobalSection(ProjectConfigurationPlatforms) = postSolution
		{FD182B38-01A9-461F-AD50-662AF8C45CD1}.Debug|Any CPU.ActiveCfg = Debug|Any CPU
		{FD182B38-01A9-461F-AD50-662AF8C45CD1}.Debug|Any CPU.Build.0 = Debug|Any CPU
		{FD182B38-01A9-461F-AD50-662AF8C45CD1}.ExportDebug|Any CPU.ActiveCfg = ExportDebug|Any CPU
		{FD182B38-01A9-461F-AD50-662AF8C45CD1}.ExportDebug|Any CPU.Build.0 = ExportDebug|Any CPU
		{FD182B38-01A9-461F-AD50-662AF8C45CD1}.ExportRelease|Any CPU.ActiveCfg = ExportRelease|Any CPU
		{FD182B38-01A9-461F-AD50-662AF8C45CD1}.ExportRelease|Any CPU.Build.0 = ExportRelease|Any CPU
	EndGlobalSection
EndGlobal
